
Microsoft Visual Studio Solution File, Format Version 12.00
# Visual Studio Version 17
VisualStudioVersion = 17.4.33403.182
MinimumVisualStudioVersion = 10.0.40219.1
Project("{FAE04EC0-301F-11D3-BF4B-00C04F79EFBC}") = "Entities", "Entities\Entities.csproj", "{E32FD947-D01C-469E-8A02-A0BB76B8906E}"
EndProject
Project("{FAE04EC0-301F-11D3-BF4B-00C04F79EFBC}") = "DataAccess", "DataAccess\DataAccess.csproj", "{C5092641-C746-456C-8AEF-757C9B8D2E76}"
EndProject
Project("{FAE04EC0-301F-11D3-BF4B-00C04F79EFBC}") = "Business", "Business\Business.csproj", "{CFC4FB14-E3E5-4664-9D9E-FB7E4346D9DC}"
EndProject
Project("{FAE04EC0-301F-11D3-BF4B-00C04F79EFBC}") = "ConsoleUI", "ConsolUI\ConsoleUI.csproj", "{FE567A5A-A2AF-4D72-8638-436986EA1C20}"
EndProject
Project("{FAE04EC0-301F-11D3-BF4B-00C04F79EFBC}") = "Core", "Core\Core.csproj", "{619EEB72-0193-43A9-92E7-3D07589078D1}"
EndProject
Global
	GlobalSection(SolutionConfigurationPlatforms) = preSolution
		Debug|Any CPU = Debug|Any CPU
		Release|Any CPU = Release|Any CPU
	EndGlobalSection
	GlobalSection(ProjectConfigurationPlatforms) = postSolution
		{E32FD947-D01C-469E-8A02-A0BB76B8906E}.Debug|Any CPU.ActiveCfg = Debug|Any CPU
		{E32FD947-D01C-469E-8A02-A0BB76B8906E}.Debug|Any CPU.Build.0 = Debug|Any CPU
		{E32FD947-D01C-469E-8A02-A0BB76B8906E}.Release|Any CPU.ActiveCfg = Release|Any CPU
		{E32FD947-D01C-469E-8A02-A0BB76B8906E}.Release|Any CPU.Build.0 = Release|Any CPU
		{C5092641-C746-456C-8AEF-757C9B8D2E76}.Debug|Any CPU.ActiveCfg = Debug|Any CPU
		{C5092641-C746-456C-8AEF-757C9B8D2E76}.Debug|Any CPU.Build.0 = Debug|Any CPU
		{C5092641-C746-456C-8AEF-757C9B8D2E76}.Release|Any CPU.ActiveCfg = Release|Any CPU
		{C5092641-C746-456C-8AEF-757C9B8D2E76}.Release|Any CPU.Build.0 = Release|Any CPU
		{CFC4FB14-E3E5-4664-9D9E-FB7E4346D9DC}.Debug|Any CPU.ActiveCfg = Debug|Any CPU
		{CFC4FB14-E3E5-4664-9D9E-FB7E4346D9DC}.Debug|Any CPU.Build.0 = Debug|Any CPU
		{CFC4FB14-E3E5-4664-9D9E-FB7E4346D9DC}.Release|Any CPU.ActiveCfg = Release|Any CPU
		{CFC4FB14-E3E5-4664-9D9E-FB7E4346D9DC}.Release|Any CPU.Build.0 = Release|Any CPU
		{FE567A5A-A2AF-4D72-8638-436986EA1C20}.Debug|Any CPU.ActiveCfg = Debug|Any CPU
		{FE567A5A-A2AF-4D72-8638-436986EA1C20}.Debug|Any CPU.Build.0 = Debug|Any CPU
		{FE567A5A-A2AF-4D72-8638-436986EA1C20}.Release|Any CPU.ActiveCfg = Release|Any CPU
		{FE567A5A-A2AF-4D72-8638-436986EA1C20}.Release|Any CPU.Build.0 = Release|Any CPU
		{619EEB72-0193-43A9-92E7-3D07589078D1}.Debug|Any CPU.ActiveCfg = Debug|Any CPU
		{619EEB72-0193-43A9-92E7-3D07589078D1}.Debug|Any CPU.Build.0 = Debug|Any CPU
		{619EEB72-0193-43A9-92E7-3D07589078D1}.Release|Any CPU.ActiveCfg = Release|Any CPU
		{619EEB72-0193-43A9-92E7-3D07589078D1}.Release|Any CPU.Build.0 = Release|Any CPU
	EndGlobalSection
	GlobalSection(SolutionProperties) = preSolution
		HideSolutionNode = FALSE
	EndGlobalSection
	GlobalSection(ExtensibilityGlobals) = postSolution
		SolutionGuid = {F16D9551-5FB4-462D-A3F6-3C3ED0F02B89}
	EndGlobalSection
EndGlobal
